
Microsoft Visual Studio Solution File, Format Version 12.00
# Visual Studio Version 17
VisualStudioVersion = 17.5.002.0
MinimumVisualStudioVersion = 10.0.40219.1
Project("{9A19103F-16F7-4668-BE54-9A1E7A4F7556}") = "backend", "backend\backend.csproj", "{035B8C37-5163-4467-A6FA-796696FF8997}"
EndProject
Global
	GlobalSection(SolutionConfigurationPlatforms) = preSolution
		Debug|Any CPU = Debug|Any CPU
		Release|Any CPU = Release|Any CPU
	EndGlobalSection
	GlobalSection(ProjectConfigurationPlatforms) = postSolution
		{035B8C37-5163-4467-A6FA-796696FF8997}.Debug|Any CPU.ActiveCfg = Debug|Any CPU
		{035B8C37-5163-4467-A6FA-796696FF8997}.Debug|Any CPU.Build.0 = Debug|Any CPU
		{035B8C37-5163-4467-A6FA-796696FF8997}.Release|Any CPU.ActiveCfg = Release|Any CPU
		{035B8C37-5163-4467-A6FA-796696FF8997}.Release|Any CPU.Build.0 = Release|Any CPU
	EndGlobalSection
	GlobalSection(SolutionProperties) = preSolution
		HideSolutionNode = FALSE
	EndGlobalSection
	GlobalSection(ExtensibilityGlobals) = postSolution
		SolutionGuid = {C910AD4A-5613-43FF-9DD1-F66DD22B36C0}
	EndGlobalSection
EndGlobal
